// !$*UTF8*$!
{
	archiveVersion = 1;
	classes = {
	};
	objectVersion = 50;
	objects = {

/* Begin PBXBuildFile section */
		BFFDFDC024CCF54700CEE254 /* AppDelegate.swift in Sources */ = {isa = PBXBuildFile; fileRef = BFFDFDBF24CCF54700CEE254 /* AppDelegate.swift */; };
		BFFDFDC224CCF54700CEE254 /* SceneDelegate.swift in Sources */ = {isa = PBXBuildFile; fileRef = BFFDFDC124CCF54700CEE254 /* SceneDelegate.swift */; };
		BFFDFDC424CCF54700CEE254 /* BitcoinViewController.swift in Sources */ = {isa = PBXBuildFile; fileRef = BFFDFDC324CCF54700CEE254 /* BitcoinViewController.swift */; };
		BFFDFDC724CCF54700CEE254 /* Main.storyboard in Resources */ = {isa = PBXBuildFile; fileRef = BFFDFDC524CCF54700CEE254 /* Main.storyboard */; };
		BFFDFDC924CCF54800CEE254 /* Assets.xcassets in Resources */ = {isa = PBXBuildFile; fileRef = BFFDFDC824CCF54800CEE254 /* Assets.xcassets */; };
		BFFDFDCC24CCF54800CEE254 /* LaunchScreen.storyboard in Resources */ = {isa = PBXBuildFile; fileRef = BFFDFDCA24CCF54800CEE254 /* LaunchScreen.storyboard */; };
		BFFDFDD524CD02BB00CEE254 /* CoinManager.swift in Sources */ = {isa = PBXBuildFile; fileRef = BFFDFDD424CD02BB00CEE254 /* CoinManager.swift */; };
		BFFDFDD924CD0EED00CEE254 /* CoinData.swift in Sources */ = {isa = PBXBuildFile; fileRef = BFFDFDD824CD0EED00CEE254 /* CoinData.swift */; };
/* End PBXBuildFile section */

/* Begin PBXFileReference section */
		BFFDFDBC24CCF54700CEE254 /* ByteCoin.app */ = {isa = PBXFileReference; explicitFileType = wrapper.application; includeInIndex = 0; path = ByteCoin.app; sourceTree = BUILT_PRODUCTS_DIR; };
		BFFDFDBF24CCF54700CEE254 /* AppDelegate.swift */ = {isa = PBXFileReference; lastKnownFileType = sourcecode.swift; path = AppDelegate.swift; sourceTree = "<group>"; };
		BFFDFDC124CCF54700CEE254 /* SceneDelegate.swift */ = {isa = PBXFileReference; lastKnownFileType = sourcecode.swift; path = SceneDelegate.swift; sourceTree = "<group>"; };
		BFFDFDC324CCF54700CEE254 /* BitcoinViewController.swift */ = {isa = PBXFileReference; lastKnownFileType = sourcecode.swift; path = BitcoinViewController.swift; sourceTree = "<group>"; };
		BFFDFDC624CCF54700CEE254 /* Base */ = {isa = PBXFileReference; lastKnownFileType = file.storyboard; name = Base; path = Base.lproj/Main.storyboard; sourceTree = "<group>"; };
		BFFDFDC824CCF54800CEE254 /* Assets.xcassets */ = {isa = PBXFileReference; lastKnownFileType = folder.assetcatalog; path = Assets.xcassets; sourceTree = "<group>"; };
		BFFDFDCB24CCF54800CEE254 /* Base */ = {isa = PBXFileReference; lastKnownFileType = file.storyboard; name = Base; path = Base.lproj/LaunchScreen.storyboard; sourceTree = "<group>"; };
		BFFDFDCD24CCF54800CEE254 /* Info.plist */ = {isa = PBXFileReference; lastKnownFileType = text.plist.xml; path = Info.plist; sourceTree = "<group>"; };
		BFFDFDD424CD02BB00CEE254 /* CoinManager.swift */ = {isa = PBXFileReference; lastKnownFileType = sourcecode.swift; path = CoinManager.swift; sourceTree = "<group>"; };
		BFFDFDD824CD0EED00CEE254 /* CoinData.swift */ = {isa = PBXFileReference; lastKnownFileType = sourcecode.swift; path = CoinData.swift; sourceTree = "<group>"; };
/* End PBXFileReference section */

/* Begin PBXFrameworksBuildPhase section */
		BFFDFDB924CCF54700CEE254 /* Frameworks */ = {
			isa = PBXFrameworksBuildPhase;
			buildActionMask = 2147483647;
			files = (
			);
			runOnlyForDeploymentPostprocessing = 0;
		};
/* End PBXFrameworksBuildPhase section */

/* Begin PBXGroup section */
		BFFDFDB324CCF54700CEE254 = {
			isa = PBXGroup;
			children = (
				BFFDFDBE24CCF54700CEE254 /* ByteCoin */,
				BFFDFDBD24CCF54700CEE254 /* Products */,
			);
			sourceTree = "<group>";
		};
		BFFDFDBD24CCF54700CEE254 /* Products */ = {
			isa = PBXGroup;
			children = (
				BFFDFDBC24CCF54700CEE254 /* ByteCoin.app */,
			);
			name = Products;
			sourceTree = "<group>";
		};
		BFFDFDBE24CCF54700CEE254 /* ByteCoin */ = {
			isa = PBXGroup;
			children = (
				BFFDFDBF24CCF54700CEE254 /* AppDelegate.swift */,
				BFFDFDC124CCF54700CEE254 /* SceneDelegate.swift */,
				BFFDFDD624CD02DD00CEE254 /* Model */,
				BFFDFDD324CD02A600CEE254 /* View */,
				BFFDFDD724CD02E700CEE254 /* Controller */,
				BFFDFDC824CCF54800CEE254 /* Assets.xcassets */,
				BFFDFDCA24CCF54800CEE254 /* LaunchScreen.storyboard */,
				BFFDFDCD24CCF54800CEE254 /* Info.plist */,
			);
			path = ByteCoin;
			sourceTree = "<group>";
		};
		BFFDFDD324CD02A600CEE254 /* View */ = {
			isa = PBXGroup;
			children = (
				BFFDFDC524CCF54700CEE254 /* Main.storyboard */,
			);
			path = View;
			sourceTree = "<group>";
		};
		BFFDFDD624CD02DD00CEE254 /* Model */ = {
			isa = PBXGroup;
			children = (
				BFFDFDD424CD02BB00CEE254 /* CoinManager.swift */,
				BFFDFDD824CD0EED00CEE254 /* CoinData.swift */,
			);
			path = Model;
			sourceTree = "<group>";
		};
		BFFDFDD724CD02E700CEE254 /* Controller */ = {
			isa = PBXGroup;
			children = (
				BFFDFDC324CCF54700CEE254 /* BitcoinViewController.swift */,
			);
			path = Controller;
			sourceTree = "<group>";
		};
/* End PBXGroup section */

/* Begin PBXNativeTarget section */
		BFFDFDBB24CCF54700CEE254 /* ByteCoin */ = {
			isa = PBXNativeTarget;
			buildConfigurationList = BFFDFDD024CCF54800CEE254 /* Build configuration list for PBXNativeTarget "ByteCoin" */;
			buildPhases = (
				BFFDFDB824CCF54700CEE254 /* Sources */,
				BFFDFDB924CCF54700CEE254 /* Frameworks */,
				BFFDFDBA24CCF54700CEE254 /* Resources */,
			);
			buildRules = (
			);
			dependencies = (
			);
			name = ByteCoin;
			productName = ByteCoin;
			productReference = BFFDFDBC24CCF54700CEE254 /* ByteCoin.app */;
			productType = "com.apple.product-type.application";
		};
/* End PBXNativeTarget section */

/* Begin PBXProject section */
		BFFDFDB424CCF54700CEE254 /* Project object */ = {
			isa = PBXProject;
			attributes = {
				LastSwiftUpdateCheck = 1150;
				LastUpgradeCheck = 1150;
				ORGANIZATIONNAME = "Artem Tkachuk";
				TargetAttributes = {
					BFFDFDBB24CCF54700CEE254 = {
						CreatedOnToolsVersion = 11.5;
					};
				};
			};
			buildConfigurationList = BFFDFDB724CCF54700CEE254 /* Build configuration list for PBXProject "ByteCoin" */;
			compatibilityVersion = "Xcode 9.3";
			developmentRegion = en;
			hasScannedForEncodings = 0;
			knownRegions = (
				en,
				Base,
			);
			mainGroup = BFFDFDB324CCF54700CEE254;
			productRefGroup = BFFDFDBD24CCF54700CEE254 /* Products */;
			projectDirPath = "";
			projectRoot = "";
			targets = (
				BFFDFDBB24CCF54700CEE254 /* ByteCoin */,
			);
		};
/* End PBXProject section */

/* Begin PBXResourcesBuildPhase section */
		BFFDFDBA24CCF54700CEE254 /* Resources */ = {
			isa = PBXResourcesBuildPhase;
			buildActionMask = 2147483647;
			files = (
				BFFDFDCC24CCF54800CEE254 /* LaunchScreen.storyboard in Resources */,
				BFFDFDC924CCF54800CEE254 /* Assets.xcassets in Resources */,
				BFFDFDC724CCF54700CEE254 /* Main.storyboard in Resources */,
			);
			runOnlyForDeploymentPostprocessing = 0;
		};
/* End PBXResourcesBuildPhase section */

/* Begin PBXSourcesBuildPhase section */
		BFFDFDB824CCF54700CEE254 /* Sources */ = {
			isa = PBXSourcesBuildPhase;
			buildActionMask = 2147483647;
			files = (
				BFFDFDD524CD02BB00CEE254 /* CoinManager.swift in Sources */,
				BFFDFDC424CCF54700CEE254 /* BitcoinViewController.swift in Sources */,
				BFFDFDD924CD0EED00CEE254 /* CoinData.swift in Sources */,
				BFFDFDC024CCF54700CEE254 /* AppDelegate.swift in Sources */,
				BFFDFDC224CCF54700CEE254 /* SceneDelegate.swift in Sources */,
			);
			runOnlyForDeploymentPostprocessing = 0;
		};
/* End PBXSourcesBuildPhase section */

/* Begin PBXVariantGroup section */
		BFFDFDC524CCF54700CEE254 /* Main.storyboard */ = {
			isa = PBXVariantGroup;
			children = (
				BFFDFDC624CCF54700CEE254 /* Base */,
			);
			name = Main.storyboard;
			sourceTree = "<group>";
		};
		BFFDFDCA24CCF54800CEE254 /* LaunchScreen.storyboard */ = {
			isa = PBXVariantGroup;
			children = (
				BFFDFDCB24CCF54800CEE254 /* Base */,
			);
			name = LaunchScreen.storyboard;
			sourceTree = "<group>";
		};
/* End PBXVariantGroup section */

/* Begin XCBuildConfiguration section */
		BFFDFDCE24CCF54800CEE254 /* Debug */ = {
			isa = XCBuildConfiguration;
			buildSettings = {
				ALWAYS_SEARCH_USER_PATHS = NO;
				CLANG_ANALYZER_NONNULL = YES;
				CLANG_ANALYZER_NUMBER_OBJECT_CONVERSION = YES_AGGRESSIVE;
				CLANG_CXX_LANGUAGE_STANDARD = "gnu++14";
				CLANG_CXX_LIBRARY = "libc++";
				CLANG_ENABLE_MODULES = YES;
				CLANG_ENABLE_OBJC_ARC = YES;
				CLANG_ENABLE_OBJC_WEAK = YES;
				CLANG_WARN_BLOCK_CAPTURE_AUTORELEASING = YES;
				CLANG_WARN_BOOL_CONVERSION = YES;
				CLANG_WARN_COMMA = YES;
				CLANG_WARN_CONSTANT_CONVERSION = YES;
				CLANG_WARN_DEPRECATED_OBJC_IMPLEMENTATIONS = YES;
				CLANG_WARN_DIRECT_OBJC_ISA_USAGE = YES_ERROR;
				CLANG_WARN_DOCUMENTATION_COMMENTS = YES;
				CLANG_WARN_EMPTY_BODY = YES;
				CLANG_WARN_ENUM_CONVERSION = YES;
				CLANG_WARN_INFINITE_RECURSION = YES;
				CLANG_WARN_INT_CONVERSION = YES;
				CLANG_WARN_NON_LITERAL_NULL_CONVERSION = YES;
				CLANG_WARN_OBJC_IMPLICIT_RETAIN_SELF = YES;
				CLANG_WARN_OBJC_LITERAL_CONVERSION = YES;
				CLANG_WARN_OBJC_ROOT_CLASS = YES_ERROR;
				CLANG_WARN_RANGE_LOOP_ANALYSIS = YES;
				CLANG_WARN_STRICT_PROTOTYPES = YES;
				CLANG_WARN_SUSPICIOUS_MOVE = YES;
				CLANG_WARN_UNGUARDED_AVAILABILITY = YES_AGGRESSIVE;
				CLANG_WARN_UNREACHABLE_CODE = YES;
				CLANG_WARN__DUPLICATE_METHOD_MATCH = YES;
				COPY_PHASE_STRIP = NO;
				DEBUG_INFORMATION_FORMAT = dwarf;
				ENABLE_STRICT_OBJC_MSGSEND = YES;
				ENABLE_TESTABILITY = YES;
				GCC_C_LANGUAGE_STANDARD = gnu11;
				GCC_DYNAMIC_NO_PIC = NO;
				GCC_NO_COMMON_BLOCKS = YES;
				GCC_OPTIMIZATION_LEVEL = 0;
				GCC_PREPROCESSOR_DEFINITIONS = (
					"DEBUG=1",
					"$(inherited)",
				);
				GCC_WARN_64_TO_32_BIT_CONVERSION = YES;
				GCC_WARN_ABOUT_RETURN_TYPE = YES_ERROR;
				GCC_WARN_UNDECLARED_SELECTOR = YES;
				GCC_WARN_UNINITIALIZED_AUTOS = YES_AGGRESSIVE;
				GCC_WARN_UNUSED_FUNCTION = YES;
				GCC_WARN_UNUSED_VARIABLE = YES;
				IPHONEOS_DEPLOYMENT_TARGET = 13.5;
				MTL_ENABLE_DEBUG_INFO = INCLUDE_SOURCE;
				MTL_FAST_MATH = YES;
				ONLY_ACTIVE_ARCH = YES;
				SDKROOT = iphoneos;
				SWIFT_ACTIVE_COMPILATION_CONDITIONS = DEBUG;
				SWIFT_OPTIMIZATION_LEVEL = "-Onone";
			};
			name = Debug;
		};
		BFFDFDCF24CCF54800CEE254 /* Release */ = {
			isa = XCBuildConfiguration;
			buildSettings = {
				ALWAYS_SEARCH_USER_PATHS = NO;
				CLANG_ANALYZER_NONNULL = YES;
				CLANG_ANALYZER_NUMBER_OBJECT_CONVERSION = YES_AGGRESSIVE;
				CLANG_CXX_LANGUAGE_STANDARD = "gnu++14";
				CLANG_CXX_LIBRARY = "libc++";
				CLANG_ENABLE_MODULES = YES;
				CLANG_ENABLE_OBJC_ARC = YES;
				CLANG_ENABLE_OBJC_WEAK = YES;
				CLANG_WARN_BLOCK_CAPTURE_AUTORELEASING = YES;
				CLANG_WARN_BOOL_CONVERSION = YES;
				CLANG_WARN_COMMA = YES;
				CLANG_WARN_CONSTANT_CONVERSION = YES;
				CLANG_WARN_DEPRECATED_OBJC_IMPLEMENTATIONS = YES;
				CLANG_WARN_DIRECT_OBJC_ISA_USAGE = YES_ERROR;
				CLANG_WARN_DOCUMENTATION_COMMENTS = YES;
				CLANG_WARN_EMPTY_BODY = YES;
				CLANG_WARN_ENUM_CONVERSION = YES;
				CLANG_WARN_INFINITE_RECURSION = YES;
				CLANG_WARN_INT_CONVERSION = YES;
				CLANG_WARN_NON_LITERAL_NULL_CONVERSION = YES;
				CLANG_WARN_OBJC_IMPLICIT_RETAIN_SELF = YES;
				CLANG_WARN_OBJC_LITERAL_CONVERSION = YES;
				CLANG_WARN_OBJC_ROOT_CLASS = YES_ERROR;
				CLANG_WARN_RANGE_LOOP_ANALYSIS = YES;
				CLANG_WARN_STRICT_PROTOTYPES = YES;
				CLANG_WARN_SUSPICIOUS_MOVE = YES;
				CLANG_WARN_UNGUARDED_AVAILABILITY = YES_AGGRESSIVE;
				CLANG_WARN_UNREACHABLE_CODE = YES;
				CLANG_WARN__DUPLICATE_METHOD_MATCH = YES;
				COPY_PHASE_STRIP = NO;
				DEBUG_INFORMATION_FORMAT = "dwarf-with-dsym";
				ENABLE_NS_ASSERTIONS = NO;
				ENABLE_STRICT_OBJC_MSGSEND = YES;
				GCC_C_LANGUAGE_STANDARD = gnu11;
				GCC_NO_COMMON_BLOCKS = YES;
				GCC_WARN_64_TO_32_BIT_CONVERSION = YES;
				GCC_WARN_ABOUT_RETURN_TYPE = YES_ERROR;
				GCC_WARN_UNDECLARED_SELECTOR = YES;
				GCC_WARN_UNINITIALIZED_AUTOS = YES_AGGRESSIVE;
				GCC_WARN_UNUSED_FUNCTION = YES;
				GCC_WARN_UNUSED_VARIABLE = YES;
				IPHONEOS_DEPLOYMENT_TARGET = 13.5;
				MTL_ENABLE_DEBUG_INFO = NO;
				MTL_FAST_MATH = YES;
				SDKROOT = iphoneos;
				SWIFT_COMPILATION_MODE = wholemodule;
				SWIFT_OPTIMIZATION_LEVEL = "-O";
				VALIDATE_PRODUCT = YES;
			};
			name = Release;
		};
		BFFDFDD124CCF54800CEE254 /* Debug */ = {
			isa = XCBuildConfiguration;
			buildSettings = {
				ASSETCATALOG_COMPILER_APPICON_NAME = AppIcon;
				CODE_SIGN_STYLE = Automatic;
				DEVELOPMENT_TEAM = 352VQ53963;
				INFOPLIST_FILE = ByteCoin/Info.plist;
				LD_RUNPATH_SEARCH_PATHS = (
					"$(inherited)",
					"@executable_path/Frameworks",
				);
				PRODUCT_BUNDLE_IDENTIFIER = com.uttpic.ByteCoin;
				PRODUCT_NAME = "$(TARGET_NAME)";
				SWIFT_VERSION = 5.0;
				TARGETED_DEVICE_FAMILY = "1,2";
			};
			name = Debug;
		};
		BFFDFDD224CCF54800CEE254 /* Release */ = {
			isa = XCBuildConfiguration;
			buildSettings = {
				ASSETCATALOG_COMPILER_APPICON_NAME = AppIcon;
				CODE_SIGN_IDENTITY = "Apple Development";
				CODE_SIGN_STYLE = Automatic;
				DEVELOPMENT_TEAM = 352VQ53963;
				INFOPLIST_FILE = ByteCoin/Info.plist;
				LD_RUNPATH_SEARCH_PATHS = (
					"$(inherited)",
					"@executable_path/Frameworks",
				);
				PRODUCT_BUNDLE_IDENTIFIER = com.uttpic.ByteCoin;
				PRODUCT_NAME = "$(TARGET_NAME)";
				PROVISIONING_PROFILE_SPECIFIER = "";
				SWIFT_VERSION = 5.0;
				TARGETED_DEVICE_FAMILY = "1,2";
			};
			name = Release;
		};
/* End XCBuildConfiguration section */

/* Begin XCConfigurationList section */
		BFFDFDB724CCF54700CEE254 /* Build configuration list for PBXProject "ByteCoin" */ = {
			isa = XCConfigurationList;
			buildConfigurations = (
				BFFDFDCE24CCF54800CEE254 /* Debug */,
				BFFDFDCF24CCF54800CEE254 /* Release */,
			);
			defaultConfigurationIsVisible = 0;
			defaultConfigurationName = Release;
		};
		BFFDFDD024CCF54800CEE254 /* Build configuration list for PBXNativeTarget "ByteCoin" */ = {
			isa = XCConfigurationList;
			buildConfigurations = (
				BFFDFDD124CCF54800CEE254 /* Debug */,
				BFFDFDD224CCF54800CEE254 /* Release */,
			);
			defaultConfigurationIsVisible = 0;
			defaultConfigurationName = Release;
		};
/* End XCConfigurationList section */
	};
	rootObject = BFFDFDB424CCF54700CEE254 /* Project object */;
}
